dependencies:
- alias: ""
  condition: ""
  enabled: false
  import-values: null
  name: ibmcase-elasticsearch
  repository: https://jkwong888.github.io/refarch-cloudnative-kubernetes/charts
  tags: null
  version: 0.1.1
digest: sha256:fe94fbe131f5beb5b1b6a1029bbf88b84012ae0edea1db0b5926cb6786406b6d
generated: 2017-06-29T20:45:57.798236745-04:00
